// !$*UTF8*$!
{
	archiveVersion = 1;
	classes = {
	};
	objectVersion = 46;
	objects = {

/* Begin PBXBuildFile section */
		817293FE1D70296900DF8AE4 /* main.m in Sources */ = {isa = PBXBuildFile; fileRef = 817293FD1D70296900DF8AE4 /* main.m */; };
		817294011D70296900DF8AE4 /* AppDelegate.m in Sources */ = {isa = PBXBuildFile; fileRef = 817294001D70296900DF8AE4 /* AppDelegate.m */; };
		817294041D70296900DF8AE4 /* ViewController.m in Sources */ = {isa = PBXBuildFile; fileRef = 817294031D70296900DF8AE4 /* ViewController.m */; };
		817294071D70296900DF8AE4 /* Main.storyboard in Resources */ = {isa = PBXBuildFile; fileRef = 817294051D70296900DF8AE4 /* Main.storyboard */; };
		817294091D70296900DF8AE4 /* Assets.xcassets in Resources */ = {isa = PBXBuildFile; fileRef = 817294081D70296900DF8AE4 /* Assets.xcassets */; };
		8172940C1D70296900DF8AE4 /* LaunchScreen.storyboard in Resources */ = {isa = PBXBuildFile; fileRef = 8172940A1D70296900DF8AE4 /* LaunchScreen.storyboard */; };
		817294171D70296900DF8AE4 /* PQFoldImageTests.m in Sources */ = {isa = PBXBuildFile; fileRef = 817294161D70296900DF8AE4 /* PQFoldImageTests.m */; };
		817294221D70296900DF8AE4 /* PQFoldImageUITests.m in Sources */ = {isa = PBXBuildFile; fileRef = 817294211D70296900DF8AE4 /* PQFoldImageUITests.m */; };
/* End PBXBuildFile section */

/* Begin PBXContainerItemProxy section */
		817294131D70296900DF8AE4 /* PBXContainerItemProxy */ = {
			isa = PBXContainerItemProxy;
			containerPortal = 817293F11D70296800DF8AE4 /* Project object */;
			proxyType = 1;
			remoteGlobalIDString = 817293F81D70296800DF8AE4;
			remoteInfo = PQFoldImage;
		};
		8172941E1D70296900DF8AE4 /* PBXContainerItemProxy */ = {
			isa = PBXContainerItemProxy;
			containerPortal = 817293F11D70296800DF8AE4 /* Project object */;
			proxyType = 1;
			remoteGlobalIDString = 817293F81D70296800DF8AE4;
			remoteInfo = PQFoldImage;
		};
/* End PBXContainerItemProxy section */

/* Begin PBXFileReference section */
		817293F91D70296800DF8AE4 /* PQFoldImage.app */ = {isa = PBXFileReference; explicitFileType = wrapper.application; includeInIndex = 0; path = PQFoldImage.app; sourceTree = BUILT_PRODUCTS_DIR; };
		817293FD1D70296900DF8AE4 /* main.m */ = {isa = PBXFileReference; lastKnownFileType = sourcecode.c.objc; path = main.m; sourceTree = "<group>"; };
		817293FF1D70296900DF8AE4 /* AppDelegate.h */ = {isa = PBXFileReference; lastKnownFileType = sourcecode.c.h; path = AppDelegate.h; sourceTree = "<group>"; };
		817294001D70296900DF8AE4 /* AppDelegate.m */ = {isa = PBXFileReference; lastKnownFileType = sourcecode.c.objc; path = AppDelegate.m; sourceTree = "<group>"; };
		817294021D70296900DF8AE4 /* ViewController.h */ = {isa = PBXFileReference; lastKnownFileType = sourcecode.c.h; path = ViewController.h; sourceTree = "<group>"; };
		817294031D70296900DF8AE4 /* ViewController.m */ = {isa = PBXFileReference; lastKnownFileType = sourcecode.c.objc; path = ViewController.m; sourceTree = "<group>"; };
		817294061D70296900DF8AE4 /* Base */ = {isa = PBXFileReference; lastKnownFileType = file.storyboard; name = Base; path = Base.lproj/Main.storyboard; sourceTree = "<group>"; };
		817294081D70296900DF8AE4 /* Assets.xcassets */ = {isa = PBXFileReference; lastKnownFileType = folder.assetcatalog; path = Assets.xcassets; sourceTree = "<group>"; };
		8172940B1D70296900DF8AE4 /* Base */ = {isa = PBXFileReference; lastKnownFileType = file.storyboard; name = Base; path = Base.lproj/LaunchScreen.storyboard; sourceTree = "<group>"; };
		8172940D1D70296900DF8AE4 /* Info.plist */ = {isa = PBXFileReference; lastKnownFileType = text.plist.xml; path = Info.plist; sourceTree = "<group>"; };
		817294121D70296900DF8AE4 /* PQFoldImageTests.xctest */ = {isa = PBXFileReference; explicitFileType = wrapper.cfbundle; includeInIndex = 0; path = PQFoldImageTests.xctest; sourceTree = BUILT_PRODUCTS_DIR; };
		817294161D70296900DF8AE4 /* PQFoldImageTests.m */ = {isa = PBXFileReference; lastKnownFileType = sourcecode.c.objc; path = PQFoldImageTests.m; sourceTree = "<group>"; };
		817294181D70296900DF8AE4 /* Info.plist */ = {isa = PBXFileReference; lastKnownFileType = text.plist.xml; path = Info.plist; sourceTree = "<group>"; };
		8172941D1D70296900DF8AE4 /* PQFoldImageUITests.xctest */ = {isa = PBXFileReference; explicitFileType = wrapper.cfbundle; includeInIndex = 0; path = PQFoldImageUITests.xctest; sourceTree = BUILT_PRODUCTS_DIR; };
		817294211D70296900DF8AE4 /* PQFoldImageUITests.m */ = {isa = PBXFileReference; lastKnownFileType = sourcecode.c.objc; path = PQFoldImageUITests.m; sourceTree = "<group>"; };
		817294231D70296900DF8AE4 /* Info.plist */ = {isa = PBXFileReference; lastKnownFileType = text.plist.xml; path = Info.plist; sourceTree = "<group>"; };
/* End PBXFileReference section */

/* Begin PBXFrameworksBuildPhase section */
		817293F61D70296800DF8AE4 /* Frameworks */ = {
			isa = PBXFrameworksBuildPhase;
			buildActionMask = 2147483647;
			files = (
			);
			runOnlyForDeploymentPostprocessing = 0;
		};
		8172940F1D70296900DF8AE4 /* Frameworks */ = {
			isa = PBXFrameworksBuildPhase;
			buildActionMask = 2147483647;
			files = (
			);
			runOnlyForDeploymentPostprocessing = 0;
		};
		8172941A1D70296900DF8AE4 /* Frameworks */ = {
			isa = PBXFrameworksBuildPhase;
			buildActionMask = 2147483647;
			files = (
			);
			runOnlyForDeploymentPostprocessing = 0;
		};
/* End PBXFrameworksBuildPhase section */

/* Begin PBXGroup section */
		817293F01D70296800DF8AE4 = {
			isa = PBXGroup;
			children = (
				817293FB1D70296900DF8AE4 /* PQFoldImage */,
				817294151D70296900DF8AE4 /* PQFoldImageTests */,
				817294201D70296900DF8AE4 /* PQFoldImageUITests */,
				817293FA1D70296800DF8AE4 /* Products */,
			);
			sourceTree = "<group>";
		};
		817293FA1D70296800DF8AE4 /* Products */ = {
			isa = PBXGroup;
			children = (
				817293F91D70296800DF8AE4 /* PQFoldImage.app */,
				817294121D70296900DF8AE4 /* PQFoldImageTests.xctest */,
				8172941D1D70296900DF8AE4 /* PQFoldImageUITests.xctest */,
			);
			name = Products;
			sourceTree = "<group>";
		};
		817293FB1D70296900DF8AE4 /* PQFoldImage */ = {
			isa = PBXGroup;
			children = (
				817293FF1D70296900DF8AE4 /* AppDelegate.h */,
				817294001D70296900DF8AE4 /* AppDelegate.m */,
				817294021D70296900DF8AE4 /* ViewController.h */,
				817294031D70296900DF8AE4 /* ViewController.m */,
				817294051D70296900DF8AE4 /* Main.storyboard */,
				817294081D70296900DF8AE4 /* Assets.xcassets */,
				8172940A1D70296900DF8AE4 /* LaunchScreen.storyboard */,
				8172940D1D70296900DF8AE4 /* Info.plist */,
				817293FC1D70296900DF8AE4 /* Supporting Files */,
			);
			path = PQFoldImage;
			sourceTree = "<group>";
		};
		817293FC1D70296900DF8AE4 /* Supporting Files */ = {
			isa = PBXGroup;
			children = (
				817293FD1D70296900DF8AE4 /* main.m */,
			);
			name = "Supporting Files";
			sourceTree = "<group>";
		};
		817294151D70296900DF8AE4 /* PQFoldImageTests */ = {
			isa = PBXGroup;
			children = (
				817294161D70296900DF8AE4 /* PQFoldImageTests.m */,
				817294181D70296900DF8AE4 /* Info.plist */,
			);
			path = PQFoldImageTests;
			sourceTree = "<group>";
		};
		817294201D70296900DF8AE4 /* PQFoldImageUITests */ = {
			isa = PBXGroup;
			children = (
				817294211D70296900DF8AE4 /* PQFoldImageUITests.m */,
				817294231D70296900DF8AE4 /* Info.plist */,
			);
			path = PQFoldImageUITests;
			sourceTree = "<group>";
		};
/* End PBXGroup section */

/* Begin PBXNativeTarget section */
		817293F81D70296800DF8AE4 /* PQFoldImage */ = {
			isa = PBXNativeTarget;
			buildConfigurationList = 817294261D70296900DF8AE4 /* Build configuration list for PBXNativeTarget "PQFoldImage" */;
			buildPhases = (
				817293F51D70296800DF8AE4 /* Sources */,
				817293F61D70296800DF8AE4 /* Frameworks */,
				817293F71D70296800DF8AE4 /* Resources */,
			);
			buildRules = (
			);
			dependencies = (
			);
			name = PQFoldImage;
			productName = PQFoldImage;
			productReference = 817293F91D70296800DF8AE4 /* PQFoldImage.app */;
			productType = "com.apple.product-type.application";
		};
		817294111D70296900DF8AE4 /* PQFoldImageTests */ = {
			isa = PBXNativeTarget;
			buildConfigurationList = 817294291D70296900DF8AE4 /* Build configuration list for PBXNativeTarget "PQFoldImageTests" */;
			buildPhases = (
				8172940E1D70296900DF8AE4 /* Sources */,
				8172940F1D70296900DF8AE4 /* Frameworks */,
				817294101D70296900DF8AE4 /* Resources */,
			);
			buildRules = (
			);
			dependencies = (
				817294141D70296900DF8AE4 /* PBXTargetDependency */,
			);
			name = PQFoldImageTests;
			productName = PQFoldImageTests;
			productReference = 817294121D70296900DF8AE4 /* PQFoldImageTests.xctest */;
			productType = "com.apple.product-type.bundle.unit-test";
		};
		8172941C1D70296900DF8AE4 /* PQFoldImageUITests */ = {
			isa = PBXNativeTarget;
			buildConfigurationList = 8172942C1D70296900DF8AE4 /* Build configuration list for PBXNativeTarget "PQFoldImageUITests" */;
			buildPhases = (
				817294191D70296900DF8AE4 /* Sources */,
				8172941A1D70296900DF8AE4 /* Frameworks */,
				8172941B1D70296900DF8AE4 /* Resources */,
			);
			buildRules = (
			);
			dependencies = (
				8172941F1D70296900DF8AE4 /* PBXTargetDependency */,
			);
			name = PQFoldImageUITests;
			productName = PQFoldImageUITests;
			productReference = 8172941D1D70296900DF8AE4 /* PQFoldImageUITests.xctest */;
			productType = "com.apple.product-type.bundle.ui-testing";
		};
/* End PBXNativeTarget section */

/* Begin PBXProject section */
		817293F11D70296800DF8AE4 /* Project object */ = {
			isa = PBXProject;
			attributes = {
				LastUpgradeCheck = 0730;
				ORGANIZATIONNAME = ios;
				TargetAttributes = {
					817293F81D70296800DF8AE4 = {
						CreatedOnToolsVersion = 7.3.1;
					};
					817294111D70296900DF8AE4 = {
						CreatedOnToolsVersion = 7.3.1;
						TestTargetID = 817293F81D70296800DF8AE4;
					};
					8172941C1D70296900DF8AE4 = {
						CreatedOnToolsVersion = 7.3.1;
						TestTargetID = 817293F81D70296800DF8AE4;
					};
				};
			};
			buildConfigurationList = 817293F41D70296800DF8AE4 /* Build configuration list for PBXProject "PQFoldImage" */;
			compatibilityVersion = "Xcode 3.2";
			developmentRegion = English;
			hasScannedForEncodings = 0;
			knownRegions = (
				en,
				Base,
			);
			mainGroup = 817293F01D70296800DF8AE4;
			productRefGroup = 817293FA1D70296800DF8AE4 /* Products */;
			projectDirPath = "";
			projectRoot = "";
			targets = (
				817293F81D70296800DF8AE4 /* PQFoldImage */,
				817294111D70296900DF8AE4 /* PQFoldImageTests */,
				8172941C1D70296900DF8AE4 /* PQFoldImageUITests */,
			);
		};
/* End PBXProject section */

/* Begin PBXResourcesBuildPhase section */
		817293F71D70296800DF8AE4 /* Resources */ = {
			isa = PBXResourcesBuildPhase;
			buildActionMask = 2147483647;
			files = (
				8172940C1D70296900DF8AE4 /* LaunchScreen.storyboard in Resources */,
				817294091D70296900DF8AE4 /* Assets.xcassets in Resources */,
				817294071D70296900DF8AE4 /* Main.storyboard in Resources */,
			);
			runOnlyForDeploymentPostprocessing = 0;
		};
		817294101D70296900DF8AE4 /* Resources */ = {
			isa = PBXResourcesBuildPhase;
			buildActionMask = 2147483647;
			files = (
			);
			runOnlyForDeploymentPostprocessing = 0;
		};
		8172941B1D70296900DF8AE4 /* Resources */ = {
			isa = PBXResourcesBuildPhase;
			buildActionMask = 2147483647;
			files = (
			);
			runOnlyForDeploymentPostprocessing = 0;
		};
/* End PBXResourcesBuildPhase section */

/* Begin PBXSourcesBuildPhase section */
		817293F51D70296800DF8AE4 /* Sources */ = {
			isa = PBXSourcesBuildPhase;
			buildActionMask = 2147483647;
			files = (
				817294041D70296900DF8AE4 /* ViewController.m in Sources */,
				817294011D70296900DF8AE4 /* AppDelegate.m in Sources */,
				817293FE1D70296900DF8AE4 /* main.m in Sources */,
			);
			runOnlyForDeploymentPostprocessing = 0;
		};
		8172940E1D70296900DF8AE4 /* Sources */ = {
			isa = PBXSourcesBuildPhase;
			buildActionMask = 2147483647;
			files = (
				817294171D70296900DF8AE4 /* PQFoldImageTests.m in Sources */,
			);
			runOnlyForDeploymentPostprocessing = 0;
		};
		817294191D70296900DF8AE4 /* Sources */ = {
			isa = PBXSourcesBuildPhase;
			buildActionMask = 2147483647;
			files = (
				817294221D70296900DF8AE4 /* PQFoldImageUITests.m in Sources */,
			);
			runOnlyForDeploymentPostprocessing = 0;
		};
/* End PBXSourcesBuildPhase section */

/* Begin PBXTargetDependency section */
		817294141D70296900DF8AE4 /* PBXTargetDependency */ = {
			isa = PBXTargetDependency;
			target = 817293F81D70296800DF8AE4 /* PQFoldImage */;
			targetProxy = 817294131D70296900DF8AE4 /* PBXContainerItemProxy */;
		};
		8172941F1D70296900DF8AE4 /* PBXTargetDependency */ = {
			isa = PBXTargetDependency;
			target = 817293F81D70296800DF8AE4 /* PQFoldImage */;
			targetProxy = 8172941E1D70296900DF8AE4 /* PBXContainerItemProxy */;
		};
/* End PBXTargetDependency section */

/* Begin PBXVariantGroup section */
		817294051D70296900DF8AE4 /* Main.storyboard */ = {
			isa = PBXVariantGroup;
			children = (
				817294061D70296900DF8AE4 /* Base */,
			);
			name = Main.storyboard;
			sourceTree = "<group>";
		};
		8172940A1D70296900DF8AE4 /* LaunchScreen.storyboard */ = {
			isa = PBXVariantGroup;
			children = (
				8172940B1D70296900DF8AE4 /* Base */,
			);
			name = LaunchScreen.storyboard;
			sourceTree = "<group>";
		};
/* End PBXVariantGroup section */

/* Begin XCBuildConfiguration section */
		817294241D70296900DF8AE4 /* Debug */ = {
			isa = XCBuildConfiguration;
			buildSettings = {
				ALWAYS_SEARCH_USER_PATHS = NO;
				CLANG_ANALYZER_NONNULL = YES;
				CLANG_CXX_LANGUAGE_STANDARD = "gnu++0x";
				CLANG_CXX_LIBRARY = "libc++";
				CLANG_ENABLE_MODULES = YES;
				CLANG_ENABLE_OBJC_ARC = YES;
				CLANG_WARN_BOOL_CONVERSION = YES;
				CLANG_WARN_CONSTANT_CONVERSION = YES;
				CLANG_WARN_DIRECT_OBJC_ISA_USAGE = YES_ERROR;
				CLANG_WARN_EMPTY_BODY = YES;
				CLANG_WARN_ENUM_CONVERSION = YES;
				CLANG_WARN_INT_CONVERSION = YES;
				CLANG_WARN_OBJC_ROOT_CLASS = YES_ERROR;
				CLANG_WARN_UNREACHABLE_CODE = YES;
				CLANG_WARN__DUPLICATE_METHOD_MATCH = YES;
				"CODE_SIGN_IDENTITY[sdk=iphoneos*]" = "iPhone Developer";
				COPY_PHASE_STRIP = NO;
				DEBUG_INFORMATION_FORMAT = dwarf;
				ENABLE_STRICT_OBJC_MSGSEND = YES;
				ENABLE_TESTABILITY = YES;
				GCC_C_LANGUAGE_STANDARD = gnu99;
				GCC_DYNAMIC_NO_PIC = NO;
				GCC_NO_COMMON_BLOCKS = YES;
				GCC_OPTIMIZATION_LEVEL = 0;
				GCC_PREPROCESSOR_DEFINITIONS = (
					"DEBUG=1",
					"$(inherited)",
				);
				GCC_WARN_64_TO_32_BIT_CONVERSION = YES;
				GCC_WARN_ABOUT_RETURN_TYPE = YES_ERROR;
				GCC_WARN_UNDECLARED_SELECTOR = YES;
				GCC_WARN_UNINITIALIZED_AUTOS = YES_AGGRESSIVE;
				GCC_WARN_UNUSED_FUNCTION = YES;
				GCC_WARN_UNUSED_VARIABLE = YES;
				IPHONEOS_DEPLOYMENT_TARGET = 9.3;
				MTL_ENABLE_DEBUG_INFO = YES;
				ONLY_ACTIVE_ARCH = YES;
				SDKROOT = iphoneos;
				TARGETED_DEVICE_FAMILY = "1,2";
			};
			name = Debug;
		};
		817294251D70296900DF8AE4 /* Release */ = {
			isa = XCBuildConfiguration;
			buildSettings = {
				ALWAYS_SEARCH_USER_PATHS = NO;
				CLANG_ANALYZER_NONNULL = YES;
				CLANG_CXX_LANGUAGE_STANDARD = "gnu++0x";
				CLANG_CXX_LIBRARY = "libc++";
				CLANG_ENABLE_MODULES = YES;
				CLANG_ENABLE_OBJC_ARC = YES;
				CLANG_WARN_BOOL_CONVERSION = YES;
				CLANG_WARN_CONSTANT_CONVERSION = YES;
				CLANG_WARN_DIRECT_OBJC_ISA_USAGE = YES_ERROR;
				CLANG_WARN_EMPTY_BODY = YES;
				CLANG_WARN_ENUM_CONVERSION = YES;
				CLANG_WARN_INT_CONVERSION = YES;
				CLANG_WARN_OBJC_ROOT_CLASS = YES_ERROR;
				CLANG_WARN_UNREACHABLE_CODE = YES;
				CLANG_WARN__DUPLICATE_METHOD_MATCH = YES;
				"CODE_SIGN_IDENTITY[sdk=iphoneos*]" = "iPhone Developer";
				COPY_PHASE_STRIP = NO;
				DEBUG_INFORMATION_FORMAT = "dwarf-with-dsym";
				ENABLE_NS_ASSERTIONS = NO;
				ENABLE_STRICT_OBJC_MSGSEND = YES;
				GCC_C_LANGUAGE_STANDARD = gnu99;
				GCC_NO_COMMON_BLOCKS = YES;
				GCC_WARN_64_TO_32_BIT_CONVERSION = YES;
				GCC_WARN_ABOUT_RETURN_TYPE = YES_ERROR;
				GCC_WARN_UNDECLARED_SELECTOR = YES;
				GCC_WARN_UNINITIALIZED_AUTOS = YES_AGGRESSIVE;
				GCC_WARN_UNUSED_FUNCTION = YES;
				GCC_WARN_UNUSED_VARIABLE = YES;
				IPHONEOS_DEPLOYMENT_TARGET = 9.3;
				MTL_ENABLE_DEBUG_INFO = NO;
				SDKROOT = iphoneos;
				TARGETED_DEVICE_FAMILY = "1,2";
				VALIDATE_PRODUCT = YES;
			};
			name = Release;
		};
		817294271D70296900DF8AE4 /* Debug */ = {
			isa = XCBuildConfiguration;
			buildSettings = {
				ASSETCATALOG_COMPILER_APPICON_NAME = AppIcon;
				INFOPLIST_FILE = PQFoldImage/Info.plist;
				LD_RUNPATH_SEARCH_PATHS = "$(inherited) @executable_path/Frameworks";
				PRODUCT_BUNDLE_IDENTIFIER = pq.PQFoldImage;
				PRODUCT_NAME = "$(TARGET_NAME)";
			};
			name = Debug;
		};
		817294281D70296900DF8AE4 /* Release */ = {
			isa = XCBuildConfiguration;
			buildSettings = {
				ASSETCATALOG_COMPILER_APPICON_NAME = AppIcon;
				INFOPLIST_FILE = PQFoldImage/Info.plist;
				LD_RUNPATH_SEARCH_PATHS = "$(inherited) @executable_path/Frameworks";
				PRODUCT_BUNDLE_IDENTIFIER = pq.PQFoldImage;
				PRODUCT_NAME = "$(TARGET_NAME)";
			};
			name = Release;
		};
		8172942A1D70296900DF8AE4 /* Debug */ = {
			isa = XCBuildConfiguration;
			buildSettings = {
				BUNDLE_LOADER = "$(TEST_HOST)";
				INFOPLIST_FILE = PQFoldImageTests/Info.plist;
				LD_RUNPATH_SEARCH_PATHS = "$(inherited) @executable_path/Frameworks @loader_path/Frameworks";
				PRODUCT_BUNDLE_IDENTIFIER = pq.PQFoldImageTests;
				PRODUCT_NAME = "$(TARGET_NAME)";
				TEST_HOST = "$(BUILT_PRODUCTS_DIR)/PQFoldImage.app/PQFoldImage";
			};
			name = Debug;
		};
		8172942B1D70296900DF8AE4 /* Release */ = {
			isa = XCBuildConfiguration;
			buildSettings = {
				BUNDLE_LOADER = "$(TEST_HOST)";
				INFOPLIST_FILE = PQFoldImageTests/Info.plist;
				LD_RUNPATH_SEARCH_PATHS = "$(inherited) @executable_path/Frameworks @loader_path/Frameworks";
				PRODUCT_BUNDLE_IDENTIFIER = pq.PQFoldImageTests;
				PRODUCT_NAME = "$(TARGET_NAME)";
				TEST_HOST = "$(BUILT_PRODUCTS_DIR)/PQFoldImage.app/PQFoldImage";
			};
			name = Release;
		};
		8172942D1D70296900DF8AE4 /* Debug */ = {
			isa = XCBuildConfiguration;
			buildSettings = {
				INFOPLIST_FILE = PQFoldImageUITests/Info.plist;
				LD_RUNPATH_SEARCH_PATHS = "$(inherited) @executable_path/Frameworks @loader_path/Frameworks";
				PRODUCT_BUNDLE_IDENTIFIER = pq.PQFoldImageUITests;
				PRODUCT_NAME = "$(TARGET_NAME)";
				TEST_TARGET_NAME = PQFoldImage;
			};
			name = Debug;
		};
		8172942E1D70296900DF8AE4 /* Release */ = {
			isa = XCBuildConfiguration;
			buildSettings = {
				INFOPLIST_FILE = PQFoldImageUITests/Info.plist;
				LD_RUNPATH_SEARCH_PATHS = "$(inherited) @executable_path/Frameworks @loader_path/Frameworks";
				PRODUCT_BUNDLE_IDENTIFIER = pq.PQFoldImageUITests;
				PRODUCT_NAME = "$(TARGET_NAME)";
				TEST_TARGET_NAME = PQFoldImage;
			};
			name = Release;
		};
/* End XCBuildConfiguration section */

/* Begin XCConfigurationList section */
		817293F41D70296800DF8AE4 /* Build configuration list for PBXProject "PQFoldImage" */ = {
			isa = XCConfigurationList;
			buildConfigurations = (
				817294241D70296900DF8AE4 /* Debug */,
				817294251D70296900DF8AE4 /* Release */,
			);
			defaultConfigurationIsVisible = 0;
			defaultConfigurationName = Release;
		};
		817294261D70296900DF8AE4 /* Build configuration list for PBXNativeTarget "PQFoldImage" */ = {
			isa = XCConfigurationList;
			buildConfigurations = (
				817294271D70296900DF8AE4 /* Debug */,
				817294281D70296900DF8AE4 /* Release */,
			);
			defaultConfigurationIsVisible = 0;
		};
		817294291D70296900DF8AE4 /* Build configuration list for PBXNativeTarget "PQFoldImageTests" */ = {
			isa = XCConfigurationList;
			buildConfigurations = (
				8172942A1D70296900DF8AE4 /* Debug */,
				8172942B1D70296900DF8AE4 /* Release */,
			);
			defaultConfigurationIsVisible = 0;
		};
		8172942C1D70296900DF8AE4 /* Build configuration list for PBXNativeTarget "PQFoldImageUITests" */ = {
			isa = XCConfigurationList;
			buildConfigurations = (
				8172942D1D70296900DF8AE4 /* Debug */,
				8172942E1D70296900DF8AE4 /* Release */,
			);
			defaultConfigurationIsVisible = 0;
		};
/* End XCConfigurationList section */
	};
	rootObject = 817293F11D70296800DF8AE4 /* Project object */;
}
